
Microsoft Visual Studio Solution File, Format Version 12.00
# Visual Studio Version 17
VisualStudioVersion = 17.13.35818.85 d17.13
MinimumVisualStudioVersion = 10.0.40219.1
Project("{FAE04EC0-301F-11D3-BF4B-00C04F79EFBC}") = "GameCharacter", "GameCharacter\GameCharacter.csproj", "{B27B75F2-C524-4DA8-9393-690AB7EE810B}"
EndProject
Global
	GlobalSection(SolutionConfigurationPlatforms) = preSolution
		Debug|Any CPU = Debug|Any CPU
		Release|Any CPU = Release|Any CPU
	EndGlobalSection
	GlobalSection(ProjectConfigurationPlatforms) = postSolution
		{B27B75F2-C524-4DA8-9393-690AB7EE810B}.Debug|Any CPU.ActiveCfg = Debug|Any CPU
		{B27B75F2-C524-4DA8-9393-690AB7EE810B}.Debug|Any CPU.Build.0 = Debug|Any CPU
		{B27B75F2-C524-4DA8-9393-690AB7EE810B}.Release|Any CPU.ActiveCfg = Release|Any CPU
		{B27B75F2-C524-4DA8-9393-690AB7EE810B}.Release|Any CPU.Build.0 = Release|Any CPU
	EndGlobalSection
	GlobalSection(SolutionProperties) = preSolution
		HideSolutionNode = FALSE
	EndGlobalSection
	GlobalSection(ExtensibilityGlobals) = postSolution
		SolutionGuid = {50BB4D71-DD1C-4DC6-ACEB-878C0A854712}
	EndGlobalSection
EndGlobal
